
Microsoft Visual Studio Solution File, Format Version 12.00
# Visual Studio Version 17
VisualStudioVersion = 17.11.35312.102
MinimumVisualStudioVersion = 10.0.40219.1
Project("{F184B08F-C81C-45F6-A57F-5ABD9991F28F}") = "horoscopo", "horoscopo.vbproj", "{8B92A93D-A8C5-4DFB-AACB-6330FF5886FC}"
EndProject
Global
	GlobalSection(SolutionConfigurationPlatforms) = preSolution
		Debug|Any CPU = Debug|Any CPU
		Release|Any CPU = Release|Any CPU
	EndGlobalSection
	GlobalSection(ProjectConfigurationPlatforms) = postSolution
		{8B92A93D-A8C5-4DFB-AACB-6330FF5886FC}.Debug|Any CPU.ActiveCfg = Debug|Any CPU
		{8B92A93D-A8C5-4DFB-AACB-6330FF5886FC}.Debug|Any CPU.Build.0 = Debug|Any CPU
		{8B92A93D-A8C5-4DFB-AACB-6330FF5886FC}.Release|Any CPU.ActiveCfg = Release|Any CPU
		{8B92A93D-A8C5-4DFB-AACB-6330FF5886FC}.Release|Any CPU.Build.0 = Release|Any CPU
	EndGlobalSection
	GlobalSection(SolutionProperties) = preSolution
		HideSolutionNode = FALSE
	EndGlobalSection
	GlobalSection(ExtensibilityGlobals) = postSolution
		SolutionGuid = {A7EDD782-2EAA-41D3-967B-42CADBD9CBCD}
	EndGlobalSection
EndGlobal
